
Microsoft Visual Studio Solution File, Format Version 12.00
# Visual Studio Version 16
VisualStudioVersion = 16.0.29001.49
MinimumVisualStudioVersion = 10.0.40219.1
Project("{2150E333-8FDC-42A3-9474-1A3956D46DE8}") = "Web", "Web", "{6ED873F9-1E7E-4DB7-B029-FEB2F580F2BD}"
EndProject
Project("{2150E333-8FDC-42A3-9474-1A3956D46DE8}") = "Azure Functions", "Azure Functions", "{3E1F40A5-A30E-4169-895C-714EDCA8F1C6}"
	ProjectSection(SolutionItems) = preProject
		AzureFunctions\ProcessLogMessage.cs = AzureFunctions\ProcessLogMessage.cs
		AzureFunctions\ProcessTicketOrderExternalizationEvent.cs = AzureFunctions\ProcessTicketOrderExternalizationEvent.cs
		AzureFunctions\ProcessTicketOrderSimulationRequest.ps1 = AzureFunctions\ProcessTicketOrderSimulationRequest.ps1
	EndProjectSection
EndProject
Project("{FAE04EC0-301F-11D3-BF4B-00C04F79EFBC}") = "ContosoEvents.Web", "ContosoEvents.Web\ContosoEvents.Web.csproj", "{9A5C7EFA-77A4-45FE-8BA6-7A08C1B8F63B}"
EndProject
Project("{2150E333-8FDC-42A3-9474-1A3956D46DE8}") = "Api", "Api", "{25A7ED9A-E8A3-4FF5-9DE8-1131E0B391FB}"
EndProject
Project("{9A19103F-16F7-4668-BE54-9A1E7A4F7556}") = "ContosoEvents.Api.Orders", "ContosoEvents.Api.Orders\ContosoEvents.Api.Orders.csproj", "{AEDE4D3A-7D72-4803-99A4-9948CB30F2DC}"
EndProject
Project("{9A19103F-16F7-4668-BE54-9A1E7A4F7556}") = "ContosoEvents.Api.Events", "ContosoEvents.Api.Events\ContosoEvents.Api.Events.csproj", "{41588EFD-DF85-4004-A4FF-4294E99762C1}"
EndProject
Project("{A07B5EB6-E848-4116-A8D0-A826331D98C6}") = "ContosoEvents", "ContosoEvents\ContosoEvents.sfproj", "{7BF43785-075B-403F-BC15-A9DDF18C2CAF}"
EndProject
Global
	GlobalSection(SolutionConfigurationPlatforms) = preSolution
		Debug|Any CPU = Debug|Any CPU
		Debug|x64 = Debug|x64
		Release|Any CPU = Release|Any CPU
		Release|x64 = Release|x64
	EndGlobalSection
	GlobalSection(ProjectConfigurationPlatforms) = postSolution
		{9A5C7EFA-77A4-45FE-8BA6-7A08C1B8F63B}.Debug|Any CPU.ActiveCfg = Debug|Any CPU
		{9A5C7EFA-77A4-45FE-8BA6-7A08C1B8F63B}.Debug|Any CPU.Build.0 = Debug|Any CPU
		{9A5C7EFA-77A4-45FE-8BA6-7A08C1B8F63B}.Debug|x64.ActiveCfg = Debug|Any CPU
		{9A5C7EFA-77A4-45FE-8BA6-7A08C1B8F63B}.Debug|x64.Build.0 = Debug|Any CPU
		{9A5C7EFA-77A4-45FE-8BA6-7A08C1B8F63B}.Release|Any CPU.ActiveCfg = Release|Any CPU
		{9A5C7EFA-77A4-45FE-8BA6-7A08C1B8F63B}.Release|Any CPU.Build.0 = Release|Any CPU
		{9A5C7EFA-77A4-45FE-8BA6-7A08C1B8F63B}.Release|x64.ActiveCfg = Release|Any CPU
		{9A5C7EFA-77A4-45FE-8BA6-7A08C1B8F63B}.Release|x64.Build.0 = Release|Any CPU
		{AEDE4D3A-7D72-4803-99A4-9948CB30F2DC}.Debug|Any CPU.ActiveCfg = Debug|Any CPU
		{AEDE4D3A-7D72-4803-99A4-9948CB30F2DC}.Debug|Any CPU.Build.0 = Debug|Any CPU
		{AEDE4D3A-7D72-4803-99A4-9948CB30F2DC}.Debug|x64.ActiveCfg = Debug|Any CPU
		{AEDE4D3A-7D72-4803-99A4-9948CB30F2DC}.Debug|x64.Build.0 = Debug|Any CPU
		{AEDE4D3A-7D72-4803-99A4-9948CB30F2DC}.Release|Any CPU.ActiveCfg = Release|Any CPU
		{AEDE4D3A-7D72-4803-99A4-9948CB30F2DC}.Release|Any CPU.Build.0 = Release|Any CPU
		{AEDE4D3A-7D72-4803-99A4-9948CB30F2DC}.Release|x64.ActiveCfg = Release|Any CPU
		{AEDE4D3A-7D72-4803-99A4-9948CB30F2DC}.Release|x64.Build.0 = Release|Any CPU
		{41588EFD-DF85-4004-A4FF-4294E99762C1}.Debug|Any CPU.ActiveCfg = Debug|Any CPU
		{41588EFD-DF85-4004-A4FF-4294E99762C1}.Debug|Any CPU.Build.0 = Debug|Any CPU
		{41588EFD-DF85-4004-A4FF-4294E99762C1}.Debug|x64.ActiveCfg = Debug|Any CPU
		{41588EFD-DF85-4004-A4FF-4294E99762C1}.Debug|x64.Build.0 = Debug|Any CPU
		{41588EFD-DF85-4004-A4FF-4294E99762C1}.Release|Any CPU.ActiveCfg = Release|Any CPU
		{41588EFD-DF85-4004-A4FF-4294E99762C1}.Release|Any CPU.Build.0 = Release|Any CPU
		{41588EFD-DF85-4004-A4FF-4294E99762C1}.Release|x64.ActiveCfg = Release|Any CPU
		{41588EFD-DF85-4004-A4FF-4294E99762C1}.Release|x64.Build.0 = Release|Any CPU
		{7BF43785-075B-403F-BC15-A9DDF18C2CAF}.Debug|Any CPU.ActiveCfg = Debug|x64
		{7BF43785-075B-403F-BC15-A9DDF18C2CAF}.Debug|x64.ActiveCfg = Debug|x64
		{7BF43785-075B-403F-BC15-A9DDF18C2CAF}.Debug|x64.Build.0 = Debug|x64
		{7BF43785-075B-403F-BC15-A9DDF18C2CAF}.Debug|x64.Deploy.0 = Debug|x64
		{7BF43785-075B-403F-BC15-A9DDF18C2CAF}.Release|Any CPU.ActiveCfg = Release|x64
		{7BF43785-075B-403F-BC15-A9DDF18C2CAF}.Release|x64.ActiveCfg = Release|x64
		{7BF43785-075B-403F-BC15-A9DDF18C2CAF}.Release|x64.Build.0 = Release|x64
		{7BF43785-075B-403F-BC15-A9DDF18C2CAF}.Release|x64.Deploy.0 = Release|x64
	EndGlobalSection
	GlobalSection(SolutionProperties) = preSolution
		HideSolutionNode = FALSE
	EndGlobalSection
	GlobalSection(NestedProjects) = preSolution
		{9A5C7EFA-77A4-45FE-8BA6-7A08C1B8F63B} = {6ED873F9-1E7E-4DB7-B029-FEB2F580F2BD}
		{AEDE4D3A-7D72-4803-99A4-9948CB30F2DC} = {25A7ED9A-E8A3-4FF5-9DE8-1131E0B391FB}
		{41588EFD-DF85-4004-A4FF-4294E99762C1} = {25A7ED9A-E8A3-4FF5-9DE8-1131E0B391FB}
		{7BF43785-075B-403F-BC15-A9DDF18C2CAF} = {25A7ED9A-E8A3-4FF5-9DE8-1131E0B391FB}
	EndGlobalSection
	GlobalSection(ExtensibilityGlobals) = postSolution
		SolutionGuid = {3C9929F4-E47C-4419-BA6A-9BA5D4467B09}
	EndGlobalSection
EndGlobal
